github.com/toqueteos/webbrowser v1.2.1 h1:O7IsnnU7XQyJ1nHMRfAktUUJOAZD3aQyUVnxzhWphCg=
github.com/toqueteos/webbrowser v1.2.1/go.mod h1:XWoZq4cyp9WeUeak7w7LXRUQf1F1ATJMir8RTqb4ayM=
golang.design/x/hotkey v0.6.4 h1:lXzk2fIBuQRMuRbiSxJbLyeUbz865ieJhCObz3rqoaI=
golang.design/x/hotkey v0.6.4/go.mod h1:+CUQy3N+t1b8HbhsDScVWWuUpXiRPNRIKugECCiW0Po=
golang.design/x/mainthread v0.3.0 h1:UwFus0lcPodNpMOGoQMe87jSFwbSsEY//CA7yVmu4j8=
golang.design/x/mainthread v0.3.0/go.mod h1:vYX7cF2b3pTJMGM/hc13NmN6kblKnf4/IyvHeu259L0=
golang.org/x/sys v0.0.0-20201022201747-fb209a7c41cd/go.mod h1:h1NjWce9XRLGQEsW7wpKNCjG9DtNlClVuFLEZdDNbEs=
